// !$*UTF8*$!
{
	archiveVersion = 1;
	classes = {
	};
	objectVersion = 55;
	objects = {

/* Begin PBXBuildFile section */
		742C42CD28807D86001C4FDA /* Article.swift in Sources */ = {isa = PBXBuildFile; fileRef = 742C42CC28807D86001C4FDA /* Article.swift */; };
		742C42D228807F8D001C4FDA /* JournalViewController.swift in Sources */ = {isa = PBXBuildFile; fileRef = 742C42D028807F8D001C4FDA /* JournalViewController.swift */; };
		742C42D328807F8D001C4FDA /* JournalViewController.xib in Resources */ = {isa = PBXBuildFile; fileRef = 742C42D128807F8D001C4FDA /* JournalViewController.xib */; };
		742C42D7288081DF001C4FDA /* ArticleTableViewCell.swift in Sources */ = {isa = PBXBuildFile; fileRef = 742C42D5288081DF001C4FDA /* ArticleTableViewCell.swift */; };
		742C42D8288081DF001C4FDA /* ArticleTableViewCell.xib in Resources */ = {isa = PBXBuildFile; fileRef = 742C42D6288081DF001C4FDA /* ArticleTableViewCell.xib */; };
		742C42DB28808710001C4FDA /* JournalPresenter.swift in Sources */ = {isa = PBXBuildFile; fileRef = 742C42DA2880870F001C4FDA /* JournalPresenter.swift */; };
		742C42DE28808889001C4FDA /* NetworkService.swift in Sources */ = {isa = PBXBuildFile; fileRef = 742C42DD28808889001C4FDA /* NetworkService.swift */; };
		742C42E12880921F001C4FDA /* URLAdresses.swift in Sources */ = {isa = PBXBuildFile; fileRef = 742C42E02880921F001C4FDA /* URLAdresses.swift */; };
		746EDF7B2887EF84001CCA00 /* Router.swift in Sources */ = {isa = PBXBuildFile; fileRef = 746EDF7A2887EF84001CCA00 /* Router.swift */; };
		74872E682881586F00D07ECB /* AssemblyBuilder.swift in Sources */ = {isa = PBXBuildFile; fileRef = 74872E672881586F00D07ECB /* AssemblyBuilder.swift */; };
		7497F608289C17760031DD56 /* Array+Extension.swift in Sources */ = {isa = PBXBuildFile; fileRef = 7497F607289C17760031DD56 /* Array+Extension.swift */; };
		74CED4F72885AFD400907717 /* String+Extension.swift in Sources */ = {isa = PBXBuildFile; fileRef = 74CED4F62885AFD400907717 /* String+Extension.swift */; };
		74CF50D6289533E00025EAE8 /* SceneDelegate+Extension.swift in Sources */ = {isa = PBXBuildFile; fileRef = 74CF50D5289533E00025EAE8 /* SceneDelegate+Extension.swift */; };
		74CF50DC2895351E0025EAE8 /* SavedArticlesUIViewController.swift in Sources */ = {isa = PBXBuildFile; fileRef = 74CF50DA2895351E0025EAE8 /* SavedArticlesUIViewController.swift */; };
		74CF50DD2895351E0025EAE8 /* SavedArticlesUIViewController.xib in Resources */ = {isa = PBXBuildFile; fileRef = 74CF50DB2895351E0025EAE8 /* SavedArticlesUIViewController.xib */; };
		74CF50DF2895377E0025EAE8 /* SavedArticlesPresenter.swift in Sources */ = {isa = PBXBuildFile; fileRef = 74CF50DE2895377E0025EAE8 /* SavedArticlesPresenter.swift */; };
		74CF50E5289558460025EAE8 /* FullArticleViewController.swift in Sources */ = {isa = PBXBuildFile; fileRef = 74CF50E3289558460025EAE8 /* FullArticleViewController.swift */; };
		74CF50E6289558460025EAE8 /* FullArticleViewController.xib in Resources */ = {isa = PBXBuildFile; fileRef = 74CF50E4289558460025EAE8 /* FullArticleViewController.xib */; };
		74CF50E82895594A0025EAE8 /* FullArticlePresenter.swift in Sources */ = {isa = PBXBuildFile; fileRef = 74CF50E72895594A0025EAE8 /* FullArticlePresenter.swift */; };
		74DF6FBE28844BA000C5627A /* ArticleViewPresenter.swift in Sources */ = {isa = PBXBuildFile; fileRef = 74DF6FBD28844BA000C5627A /* ArticleViewPresenter.swift */; };
		74DF6FC2288450B100C5627A /* ArticleViewController.swift in Sources */ = {isa = PBXBuildFile; fileRef = 74DF6FC0288450B100C5627A /* ArticleViewController.swift */; };
		74DF6FC3288450B100C5627A /* ArticleViewController.xib in Resources */ = {isa = PBXBuildFile; fileRef = 74DF6FC1288450B100C5627A /* ArticleViewController.xib */; };
		74F2F4EB2898397E00C0EE18 /* CoreDataModel.xcdatamodeld in Sources */ = {isa = PBXBuildFile; fileRef = 74F2F4E92898397E00C0EE18 /* CoreDataModel.xcdatamodeld */; };
		74F2F4F228983AE700C0EE18 /* ArticleModel+CoreDataClass.swift in Sources */ = {isa = PBXBuildFile; fileRef = 74F2F4F028983AE700C0EE18 /* ArticleModel+CoreDataClass.swift */; };
		74F2F4F328983AE700C0EE18 /* ArticleModel+CoreDataProperties.swift in Sources */ = {isa = PBXBuildFile; fileRef = 74F2F4F128983AE700C0EE18 /* ArticleModel+CoreDataProperties.swift */; };
		74F2F4F528983B1A00C0EE18 /* CoreDataManager.swift in Sources */ = {isa = PBXBuildFile; fileRef = 74F2F4F428983B1A00C0EE18 /* CoreDataManager.swift */; };
		74FA969A288055770065F7EB /* AppDelegate.swift in Sources */ = {isa = PBXBuildFile; fileRef = 74FA9699288055770065F7EB /* AppDelegate.swift */; };
		74FA969C288055770065F7EB /* SceneDelegate.swift in Sources */ = {isa = PBXBuildFile; fileRef = 74FA969B288055770065F7EB /* SceneDelegate.swift */; };
		74FA96A1288055770065F7EB /* Main.storyboard in Resources */ = {isa = PBXBuildFile; fileRef = 74FA969F288055770065F7EB /* Main.storyboard */; };
		74FA96A32880557C0065F7EB /* Assets.xcassets in Resources */ = {isa = PBXBuildFile; fileRef = 74FA96A22880557C0065F7EB /* Assets.xcassets */; };
		74FA96A62880557C0065F7EB /* LaunchScreen.storyboard in Resources */ = {isa = PBXBuildFile; fileRef = 74FA96A42880557C0065F7EB /* LaunchScreen.storyboard */; };
/* End PBXBuildFile section */

/* Begin PBXFileReference section */
		742C42CC28807D86001C4FDA /* Article.swift */ = {isa = PBXFileReference; lastKnownFileType = sourcecode.swift; path = Article.swift; sourceTree = "<group>"; };
		742C42D028807F8D001C4FDA /* JournalViewController.swift */ = {isa = PBXFileReference; lastKnownFileType = sourcecode.swift; path = JournalViewController.swift; sourceTree = "<group>"; };
		742C42D128807F8D001C4FDA /* JournalViewController.xib */ = {isa = PBXFileReference; lastKnownFileType = file.xib; path = JournalViewController.xib; sourceTree = "<group>"; };
		742C42D5288081DF001C4FDA /* ArticleTableViewCell.swift */ = {isa = PBXFileReference; lastKnownFileType = sourcecode.swift; path = ArticleTableViewCell.swift; sourceTree = "<group>"; };
		742C42D6288081DF001C4FDA /* ArticleTableViewCell.xib */ = {isa = PBXFileReference; lastKnownFileType = file.xib; path = ArticleTableViewCell.xib; sourceTree = "<group>"; };
		742C42DA2880870F001C4FDA /* JournalPresenter.swift */ = {isa = PBXFileReference; lastKnownFileType = sourcecode.swift; path = JournalPresenter.swift; sourceTree = "<group>"; };
		742C42DD28808889001C4FDA /* NetworkService.swift */ = {isa = PBXFileReference; lastKnownFileType = sourcecode.swift; path = NetworkService.swift; sourceTree = "<group>"; };
		742C42E02880921F001C4FDA /* URLAdresses.swift */ = {isa = PBXFileReference; lastKnownFileType = sourcecode.swift; path = URLAdresses.swift; sourceTree = "<group>"; };
		746EDF7A2887EF84001CCA00 /* Router.swift */ = {isa = PBXFileReference; lastKnownFileType = sourcecode.swift; path = Router.swift; sourceTree = "<group>"; };
		74872E672881586F00D07ECB /* AssemblyBuilder.swift */ = {isa = PBXFileReference; lastKnownFileType = sourcecode.swift; path = AssemblyBuilder.swift; sourceTree = "<group>"; };
		7497F607289C17760031DD56 /* Array+Extension.swift */ = {isa = PBXFileReference; lastKnownFileType = sourcecode.swift; path = "Array+Extension.swift"; sourceTree = "<group>"; };
		74CED4F62885AFD400907717 /* String+Extension.swift */ = {isa = PBXFileReference; lastKnownFileType = sourcecode.swift; path = "String+Extension.swift"; sourceTree = "<group>"; };
		74CF50D5289533E00025EAE8 /* SceneDelegate+Extension.swift */ = {isa = PBXFileReference; lastKnownFileType = sourcecode.swift; path = "SceneDelegate+Extension.swift"; sourceTree = "<group>"; };
		74CF50DA2895351E0025EAE8 /* SavedArticlesUIViewController.swift */ = {isa = PBXFileReference; lastKnownFileType = sourcecode.swift; path = SavedArticlesUIViewController.swift; sourceTree = "<group>"; };
		74CF50DB2895351E0025EAE8 /* SavedArticlesUIViewController.xib */ = {isa = PBXFileReference; lastKnownFileType = file.xib; path = SavedArticlesUIViewController.xib; sourceTree = "<group>"; };
		74CF50DE2895377E0025EAE8 /* SavedArticlesPresenter.swift */ = {isa = PBXFileReference; lastKnownFileType = sourcecode.swift; path = SavedArticlesPresenter.swift; sourceTree = "<group>"; };
		74CF50E3289558460025EAE8 /* FullArticleViewController.swift */ = {isa = PBXFileReference; lastKnownFileType = sourcecode.swift; path = FullArticleViewController.swift; sourceTree = "<group>"; };
		74CF50E4289558460025EAE8 /* FullArticleViewController.xib */ = {isa = PBXFileReference; lastKnownFileType = file.xib; path = FullArticleViewController.xib; sourceTree = "<group>"; };
		74CF50E72895594A0025EAE8 /* FullArticlePresenter.swift */ = {isa = PBXFileReference; lastKnownFileType = sourcecode.swift; path = FullArticlePresenter.swift; sourceTree = "<group>"; };
		74DF6FBD28844BA000C5627A /* ArticleViewPresenter.swift */ = {isa = PBXFileReference; lastKnownFileType = sourcecode.swift; path = ArticleViewPresenter.swift; sourceTree = "<group>"; };
		74DF6FC0288450B100C5627A /* ArticleViewController.swift */ = {isa = PBXFileReference; lastKnownFileType = sourcecode.swift; path = ArticleViewController.swift; sourceTree = "<group>"; };
		74DF6FC1288450B100C5627A /* ArticleViewController.xib */ = {isa = PBXFileReference; lastKnownFileType = file.xib; path = ArticleViewController.xib; sourceTree = "<group>"; };
		74F2F4EA2898397E00C0EE18 /* CoreDataModel.xcdatamodel */ = {isa = PBXFileReference; lastKnownFileType = wrapper.xcdatamodel; path = CoreDataModel.xcdatamodel; sourceTree = "<group>"; };
		74F2F4F028983AE700C0EE18 /* ArticleModel+CoreDataClass.swift */ = {isa = PBXFileReference; lastKnownFileType = sourcecode.swift; path = "ArticleModel+CoreDataClass.swift"; sourceTree = "<group>"; };
		74F2F4F128983AE700C0EE18 /* ArticleModel+CoreDataProperties.swift */ = {isa = PBXFileReference; lastKnownFileType = sourcecode.swift; path = "ArticleModel+CoreDataProperties.swift"; sourceTree = "<group>"; };
		74F2F4F428983B1A00C0EE18 /* CoreDataManager.swift */ = {isa = PBXFileReference; lastKnownFileType = sourcecode.swift; path = CoreDataManager.swift; sourceTree = "<group>"; };
		74FA9696288055770065F7EB /* Wall Street news.app */ = {isa = PBXFileReference; explicitFileType = wrapper.application; includeInIndex = 0; path = "Wall Street news.app"; sourceTree = BUILT_PRODUCTS_DIR; };
		74FA9699288055770065F7EB /* AppDelegate.swift */ = {isa = PBXFileReference; lastKnownFileType = sourcecode.swift; path = AppDelegate.swift; sourceTree = "<group>"; };
		74FA969B288055770065F7EB /* SceneDelegate.swift */ = {isa = PBXFileReference; lastKnownFileType = sourcecode.swift; path = SceneDelegate.swift; sourceTree = "<group>"; };
		74FA96A0288055770065F7EB /* Base */ = {isa = PBXFileReference; lastKnownFileType = file.storyboard; name = Base; path = Base.lproj/Main.storyboard; sourceTree = "<group>"; };
		74FA96A22880557C0065F7EB /* Assets.xcassets */ = {isa = PBXFileReference; lastKnownFileType = folder.assetcatalog; path = Assets.xcassets; sourceTree = "<group>"; };
		74FA96A52880557C0065F7EB /* Base */ = {isa = PBXFileReference; lastKnownFileType = file.storyboard; name = Base; path = Base.lproj/LaunchScreen.storyboard; sourceTree = "<group>"; };
		74FA96A72880557C0065F7EB /* Info.plist */ = {isa = PBXFileReference; lastKnownFileType = text.plist.xml; path = Info.plist; sourceTree = "<group>"; };
/* End PBXFileReference section */

/* Begin PBXFrameworksBuildPhase section */
		74FA9693288055770065F7EB /* Frameworks */ = {
			isa = PBXFrameworksBuildPhase;
			buildActionMask = 2147483647;
			files = (
			);
			runOnlyForDeploymentPostprocessing = 0;
		};
/* End PBXFrameworksBuildPhase section */

/* Begin PBXGroup section */
		742C42CA28807269001C4FDA /* Modules */ = {
			isa = PBXGroup;
			children = (
				742C42D9288086A6001C4FDA /* JournalScreen */,
				74DF6FBB28844B2800C5627A /* DetailsArticleScreen */,
				74CF50D7289534A40025EAE8 /* SavedArticlesScreen */,
				74CF50E0289557A30025EAE8 /* FullArticleWebScreen */,
			);
			path = Modules;
			sourceTree = "<group>";
		};
		742C42CB28807D43001C4FDA /* ArticleModel */ = {
			isa = PBXGroup;
			children = (
				742C42CC28807D86001C4FDA /* Article.swift */,
			);
			path = ArticleModel;
			sourceTree = "<group>";
		};
		742C42CE28807F0A001C4FDA /* JournalViewController */ = {
			isa = PBXGroup;
			children = (
				742C42D028807F8D001C4FDA /* JournalViewController.swift */,
				742C42D128807F8D001C4FDA /* JournalViewController.xib */,
			);
			path = JournalViewController;
			sourceTree = "<group>";
		};
		742C42CF28807F4E001C4FDA /* JournalPresenter */ = {
			isa = PBXGroup;
			children = (
				742C42DA2880870F001C4FDA /* JournalPresenter.swift */,
			);
			path = JournalPresenter;
			sourceTree = "<group>";
		};
		742C42D4288081A8001C4FDA /* ArticleCell */ = {
			isa = PBXGroup;
			children = (
				742C42D5288081DF001C4FDA /* ArticleTableViewCell.swift */,
				742C42D6288081DF001C4FDA /* ArticleTableViewCell.xib */,
			);
			path = ArticleCell;
			sourceTree = "<group>";
		};
		742C42D9288086A6001C4FDA /* JournalScreen */ = {
			isa = PBXGroup;
			children = (
				742C42CF28807F4E001C4FDA /* JournalPresenter */,
				742C42D4288081A8001C4FDA /* ArticleCell */,
				742C42CE28807F0A001C4FDA /* JournalViewController */,
			);
			path = JournalScreen;
			sourceTree = "<group>";
		};
		742C42DC2880876E001C4FDA /* Services */ = {
			isa = PBXGroup;
			children = (
				74F2F4E82898392800C0EE18 /* CoreDataManager */,
				746EDF792887EF3D001CCA00 /* Routers */,
				74CED4F52885AFA200907717 /* ExtensionsHelpers */,
				74872E662881584F00D07ECB /* AssemblyBuilder */,
				742C42DF28809200001C4FDA /* NetworkService */,
			);
			path = Services;
			sourceTree = "<group>";
		};
		742C42DF28809200001C4FDA /* NetworkService */ = {
			isa = PBXGroup;
			children = (
				742C42DD28808889001C4FDA /* NetworkService.swift */,
				742C42E02880921F001C4FDA /* URLAdresses.swift */,
			);
			path = NetworkService;
			sourceTree = "<group>";
		};
		746EDF792887EF3D001CCA00 /* Routers */ = {
			isa = PBXGroup;
			children = (
				746EDF7A2887EF84001CCA00 /* Router.swift */,
			);
			path = Routers;
			sourceTree = "<group>";
		};
		746FC0ED28806ED9005F49B6 /* Base */ = {
			isa = PBXGroup;
			children = (
				74FA9699288055770065F7EB /* AppDelegate.swift */,
				74FA969B288055770065F7EB /* SceneDelegate.swift */,
				74FA96A72880557C0065F7EB /* Info.plist */,
			);
			path = Base;
			sourceTree = "<group>";
		};
		746FC0EE28806F74005F49B6 /* Resourses */ = {
			isa = PBXGroup;
			children = (
				74FA96A22880557C0065F7EB /* Assets.xcassets */,
				74FA96A42880557C0065F7EB /* LaunchScreen.storyboard */,
			);
			path = Resourses;
			sourceTree = "<group>";
		};
		74872E662881584F00D07ECB /* AssemblyBuilder */ = {
			isa = PBXGroup;
			children = (
				74872E672881586F00D07ECB /* AssemblyBuilder.swift */,
			);
			path = AssemblyBuilder;
			sourceTree = "<group>";
		};
		7497F604289C0CAC0031DD56 /* CoreDataModel */ = {
			isa = PBXGroup;
			children = (
				74F2F4F128983AE700C0EE18 /* ArticleModel+CoreDataProperties.swift */,
				74F2F4F028983AE700C0EE18 /* ArticleModel+CoreDataClass.swift */,
				74F2F4E92898397E00C0EE18 /* CoreDataModel.xcdatamodeld */,
			);
			path = CoreDataModel;
			sourceTree = "<group>";
		};
		74CED4F52885AFA200907717 /* ExtensionsHelpers */ = {
			isa = PBXGroup;
			children = (
				74CED4F62885AFD400907717 /* String+Extension.swift */,
				74CF50D5289533E00025EAE8 /* SceneDelegate+Extension.swift */,
				7497F607289C17760031DD56 /* Array+Extension.swift */,
			);
			path = ExtensionsHelpers;
			sourceTree = "<group>";
		};
		74CF50D7289534A40025EAE8 /* SavedArticlesScreen */ = {
			isa = PBXGroup;
			children = (
				74CF50D9289534D50025EAE8 /* SavedArticlesViewController */,
				74CF50D8289534B80025EAE8 /* SavedArticlesPresenter */,
			);
			path = SavedArticlesScreen;
			sourceTree = "<group>";
		};
		74CF50D8289534B80025EAE8 /* SavedArticlesPresenter */ = {
			isa = PBXGroup;
			children = (
				74CF50DE2895377E0025EAE8 /* SavedArticlesPresenter.swift */,
			);
			path = SavedArticlesPresenter;
			sourceTree = "<group>";
		};
		74CF50D9289534D50025EAE8 /* SavedArticlesViewController */ = {
			isa = PBXGroup;
			children = (
				74CF50DA2895351E0025EAE8 /* SavedArticlesUIViewController.swift */,
				74CF50DB2895351E0025EAE8 /* SavedArticlesUIViewController.xib */,
			);
			path = SavedArticlesViewController;
			sourceTree = "<group>";
		};
		74CF50E0289557A30025EAE8 /* FullArticleWebScreen */ = {
			isa = PBXGroup;
			children = (
				74CF50E2289558070025EAE8 /* FullArticlePresenter */,
				74CF50E1289557ED0025EAE8 /* FullArticleViewController */,
			);
			path = FullArticleWebScreen;
			sourceTree = "<group>";
		};
		74CF50E1289557ED0025EAE8 /* FullArticleViewController */ = {
			isa = PBXGroup;
			children = (
				74CF50E3289558460025EAE8 /* FullArticleViewController.swift */,
				74CF50E4289558460025EAE8 /* FullArticleViewController.xib */,
			);
			path = FullArticleViewController;
			sourceTree = "<group>";
		};
		74CF50E2289558070025EAE8 /* FullArticlePresenter */ = {
			isa = PBXGroup;
			children = (
				74CF50E72895594A0025EAE8 /* FullArticlePresenter.swift */,
			);
			path = FullArticlePresenter;
			sourceTree = "<group>";
		};
		74DF6FBB28844B2800C5627A /* DetailsArticleScreen */ = {
			isa = PBXGroup;
			children = (
				74DF6FBF2884502A00C5627A /* ArticleViewController */,
				74DF6FBC28844B5400C5627A /* ArticlePresenter */,
			);
			path = DetailsArticleScreen;
			sourceTree = "<group>";
		};
		74DF6FBC28844B5400C5627A /* ArticlePresenter */ = {
			isa = PBXGroup;
			children = (
				74DF6FBD28844BA000C5627A /* ArticleViewPresenter.swift */,
			);
			path = ArticlePresenter;
			sourceTree = "<group>";
		};
		74DF6FBF2884502A00C5627A /* ArticleViewController */ = {
			isa = PBXGroup;
			children = (
				74DF6FC0288450B100C5627A /* ArticleViewController.swift */,
				74DF6FC1288450B100C5627A /* ArticleViewController.xib */,
			);
			path = ArticleViewController;
			sourceTree = "<group>";
		};
		74F2F4E82898392800C0EE18 /* CoreDataManager */ = {
			isa = PBXGroup;
			children = (
				7497F604289C0CAC0031DD56 /* CoreDataModel */,
				74F2F4F428983B1A00C0EE18 /* CoreDataManager.swift */,
			);
			path = CoreDataManager;
			sourceTree = "<group>";
		};
		74FA968D288055770065F7EB = {
			isa = PBXGroup;
			children = (
				74FA9698288055770065F7EB /* Wall Street news */,
				74FA9697288055770065F7EB /* Products */,
			);
			sourceTree = "<group>";
		};
		74FA9697288055770065F7EB /* Products */ = {
			isa = PBXGroup;
			children = (
				74FA9696288055770065F7EB /* Wall Street news.app */,
			);
			name = Products;
			sourceTree = "<group>";
		};
		74FA9698288055770065F7EB /* Wall Street news */ = {
			isa = PBXGroup;
			children = (
				742C42DC2880876E001C4FDA /* Services */,
				742C42CB28807D43001C4FDA /* ArticleModel */,
				742C42CA28807269001C4FDA /* Modules */,
				746FC0EE28806F74005F49B6 /* Resourses */,
				746FC0ED28806ED9005F49B6 /* Base */,
				74FA969F288055770065F7EB /* Main.storyboard */,
			);
			path = "Wall Street news";
			sourceTree = "<group>";
		};
/* End PBXGroup section */

/* Begin PBXNativeTarget section */
		74FA9695288055770065F7EB /* Wall Street news */ = {
			isa = PBXNativeTarget;
			buildConfigurationList = 74FA96AA2880557C0065F7EB /* Build configuration list for PBXNativeTarget "Wall Street news" */;
			buildPhases = (
				74FA9692288055770065F7EB /* Sources */,
				74FA9693288055770065F7EB /* Frameworks */,
				74FA9694288055770065F7EB /* Resources */,
			);
			buildRules = (
			);
			dependencies = (
			);
			name = "Wall Street news";
			productName = "Wall Street news";
			productReference = 74FA9696288055770065F7EB /* Wall Street news.app */;
			productType = "com.apple.product-type.application";
		};
/* End PBXNativeTarget section */

/* Begin PBXProject section */
		74FA968E288055770065F7EB /* Project object */ = {
			isa = PBXProject;
			attributes = {
				BuildIndependentTargetsInParallel = 1;
				LastSwiftUpdateCheck = 1340;
				LastUpgradeCheck = 1340;
				TargetAttributes = {
					74FA9695288055770065F7EB = {
						CreatedOnToolsVersion = 13.4.1;
					};
				};
			};
			buildConfigurationList = 74FA9691288055770065F7EB /* Build configuration list for PBXProject "Wall Street news" */;
			compatibilityVersion = "Xcode 13.0";
			developmentRegion = en;
			hasScannedForEncodings = 0;
			knownRegions = (
				en,
				Base,
			);
			mainGroup = 74FA968D288055770065F7EB;
			productRefGroup = 74FA9697288055770065F7EB /* Products */;
			projectDirPath = "";
			projectRoot = "";
			targets = (
				74FA9695288055770065F7EB /* Wall Street news */,
			);
		};
/* End PBXProject section */

/* Begin PBXResourcesBuildPhase section */
		74FA9694288055770065F7EB /* Resources */ = {
			isa = PBXResourcesBuildPhase;
			buildActionMask = 2147483647;
			files = (
				742C42D328807F8D001C4FDA /* JournalViewController.xib in Resources */,
				74DF6FC3288450B100C5627A /* ArticleViewController.xib in Resources */,
				742C42D8288081DF001C4FDA /* ArticleTableViewCell.xib in Resources */,
				74FA96A62880557C0065F7EB /* LaunchScreen.storyboard in Resources */,
				74CF50E6289558460025EAE8 /* FullArticleViewController.xib in Resources */,
				74FA96A32880557C0065F7EB /* Assets.xcassets in Resources */,
				74CF50DD2895351E0025EAE8 /* SavedArticlesUIViewController.xib in Resources */,
				74FA96A1288055770065F7EB /* Main.storyboard in Resources */,
			);
			runOnlyForDeploymentPostprocessing = 0;
		};
/* End PBXResourcesBuildPhase section */

/* Begin PBXSourcesBuildPhase section */
		74FA9692288055770065F7EB /* Sources */ = {
			isa = PBXSourcesBuildPhase;
			buildActionMask = 2147483647;
			files = (
				74F2F4EB2898397E00C0EE18 /* CoreDataModel.xcdatamodeld in Sources */,
				74CF50DC2895351E0025EAE8 /* SavedArticlesUIViewController.swift in Sources */,
				742C42DB28808710001C4FDA /* JournalPresenter.swift in Sources */,
				742C42D7288081DF001C4FDA /* ArticleTableViewCell.swift in Sources */,
				742C42D228807F8D001C4FDA /* JournalViewController.swift in Sources */,
				74CF50D6289533E00025EAE8 /* SceneDelegate+Extension.swift in Sources */,
				74DF6FBE28844BA000C5627A /* ArticleViewPresenter.swift in Sources */,
				74CF50E5289558460025EAE8 /* FullArticleViewController.swift in Sources */,
				74F2F4F228983AE700C0EE18 /* ArticleModel+CoreDataClass.swift in Sources */,
				74F2F4F328983AE700C0EE18 /* ArticleModel+CoreDataProperties.swift in Sources */,
				74F2F4F528983B1A00C0EE18 /* CoreDataManager.swift in Sources */,
				74CED4F72885AFD400907717 /* String+Extension.swift in Sources */,
				742C42E12880921F001C4FDA /* URLAdresses.swift in Sources */,
				7497F608289C17760031DD56 /* Array+Extension.swift in Sources */,
				74DF6FC2288450B100C5627A /* ArticleViewController.swift in Sources */,
				74CF50E82895594A0025EAE8 /* FullArticlePresenter.swift in Sources */,
				74CF50DF2895377E0025EAE8 /* SavedArticlesPresenter.swift in Sources */,
				746EDF7B2887EF84001CCA00 /* Router.swift in Sources */,
				74FA969A288055770065F7EB /* AppDelegate.swift in Sources */,
				74872E682881586F00D07ECB /* AssemblyBuilder.swift in Sources */,
				74FA969C288055770065F7EB /* SceneDelegate.swift in Sources */,
				742C42CD28807D86001C4FDA /* Article.swift in Sources */,
				742C42DE28808889001C4FDA /* NetworkService.swift in Sources */,
			);
			runOnlyForDeploymentPostprocessing = 0;
		};
/* End PBXSourcesBuildPhase section */

/* Begin PBXVariantGroup section */
		74FA969F288055770065F7EB /* Main.storyboard */ = {
			isa = PBXVariantGroup;
			children = (
				74FA96A0288055770065F7EB /* Base */,
			);
			name = Main.storyboard;
			sourceTree = "<group>";
		};
		74FA96A42880557C0065F7EB /* LaunchScreen.storyboard */ = {
			isa = PBXVariantGroup;
			children = (
				74FA96A52880557C0065F7EB /* Base */,
			);
			name = LaunchScreen.storyboard;
			sourceTree = "<group>";
		};
/* End PBXVariantGroup section */

/* Begin XCBuildConfiguration section */
		74FA96A82880557C0065F7EB /* Debug */ = {
			isa = XCBuildConfiguration;
			buildSettings = {
				ALWAYS_SEARCH_USER_PATHS = NO;
				CLANG_ANALYZER_NONNULL = YES;
				CLANG_ANALYZER_NUMBER_OBJECT_CONVERSION = YES_AGGRESSIVE;
				CLANG_CXX_LANGUAGE_STANDARD = "gnu++17";
				CLANG_ENABLE_MODULES = YES;
				CLANG_ENABLE_OBJC_ARC = YES;
				CLANG_ENABLE_OBJC_WEAK = YES;
				CLANG_WARN_BLOCK_CAPTURE_AUTORELEASING = YES;
				CLANG_WARN_BOOL_CONVERSION = YES;
				CLANG_WARN_COMMA = YES;
				CLANG_WARN_CONSTANT_CONVERSION = YES;
				CLANG_WARN_DEPRECATED_OBJC_IMPLEMENTATIONS = YES;
				CLANG_WARN_DIRECT_OBJC_ISA_USAGE = YES_ERROR;
				CLANG_WARN_DOCUMENTATION_COMMENTS = YES;
				CLANG_WARN_EMPTY_BODY = YES;
				CLANG_WARN_ENUM_CONVERSION = YES;
				CLANG_WARN_INFINITE_RECURSION = YES;
				CLANG_WARN_INT_CONVERSION = YES;
				CLANG_WARN_NON_LITERAL_NULL_CONVERSION = YES;
				CLANG_WARN_OBJC_IMPLICIT_RETAIN_SELF = YES;
				CLANG_WARN_OBJC_LITERAL_CONVERSION = YES;
				CLANG_WARN_OBJC_ROOT_CLASS = YES_ERROR;
				CLANG_WARN_QUOTED_INCLUDE_IN_FRAMEWORK_HEADER = YES;
				CLANG_WARN_RANGE_LOOP_ANALYSIS = YES;
				CLANG_WARN_STRICT_PROTOTYPES = YES;
				CLANG_WARN_SUSPICIOUS_MOVE = YES;
				CLANG_WARN_UNGUARDED_AVAILABILITY = YES_AGGRESSIVE;
				CLANG_WARN_UNREACHABLE_CODE = YES;
				CLANG_WARN__DUPLICATE_METHOD_MATCH = YES;
				COPY_PHASE_STRIP = NO;
				DEBUG_INFORMATION_FORMAT = dwarf;
				ENABLE_STRICT_OBJC_MSGSEND = YES;
				ENABLE_TESTABILITY = YES;
				GCC_C_LANGUAGE_STANDARD = gnu11;
				GCC_DYNAMIC_NO_PIC = NO;
				GCC_NO_COMMON_BLOCKS = YES;
				GCC_OPTIMIZATION_LEVEL = 0;
				GCC_PREPROCESSOR_DEFINITIONS = (
					"DEBUG=1",
					"$(inherited)",
				);
				GCC_WARN_64_TO_32_BIT_CONVERSION = YES;
				GCC_WARN_ABOUT_RETURN_TYPE = YES_ERROR;
				GCC_WARN_UNDECLARED_SELECTOR = YES;
				GCC_WARN_UNINITIALIZED_AUTOS = YES_AGGRESSIVE;
				GCC_WARN_UNUSED_FUNCTION = YES;
				GCC_WARN_UNUSED_VARIABLE = YES;
				IPHONEOS_DEPLOYMENT_TARGET = 15.5;
				MTL_ENABLE_DEBUG_INFO = INCLUDE_SOURCE;
				MTL_FAST_MATH = YES;
				ONLY_ACTIVE_ARCH = YES;
				SDKROOT = iphoneos;
				SWIFT_ACTIVE_COMPILATION_CONDITIONS = DEBUG;
				SWIFT_OPTIMIZATION_LEVEL = "-Onone";
			};
			name = Debug;
		};
		74FA96A92880557C0065F7EB /* Release */ = {
			isa = XCBuildConfiguration;
			buildSettings = {
				ALWAYS_SEARCH_USER_PATHS = NO;
				CLANG_ANALYZER_NONNULL = YES;
				CLANG_ANALYZER_NUMBER_OBJECT_CONVERSION = YES_AGGRESSIVE;
				CLANG_CXX_LANGUAGE_STANDARD = "gnu++17";
				CLANG_ENABLE_MODULES = YES;
				CLANG_ENABLE_OBJC_ARC = YES;
				CLANG_ENABLE_OBJC_WEAK = YES;
				CLANG_WARN_BLOCK_CAPTURE_AUTORELEASING = YES;
				CLANG_WARN_BOOL_CONVERSION = YES;
				CLANG_WARN_COMMA = YES;
				CLANG_WARN_CONSTANT_CONVERSION = YES;
				CLANG_WARN_DEPRECATED_OBJC_IMPLEMENTATIONS = YES;
				CLANG_WARN_DIRECT_OBJC_ISA_USAGE = YES_ERROR;
				CLANG_WARN_DOCUMENTATION_COMMENTS = YES;
				CLANG_WARN_EMPTY_BODY = YES;
				CLANG_WARN_ENUM_CONVERSION = YES;
				CLANG_WARN_INFINITE_RECURSION = YES;
				CLANG_WARN_INT_CONVERSION = YES;
				CLANG_WARN_NON_LITERAL_NULL_CONVERSION = YES;
				CLANG_WARN_OBJC_IMPLICIT_RETAIN_SELF = YES;
				CLANG_WARN_OBJC_LITERAL_CONVERSION = YES;
				CLANG_WARN_OBJC_ROOT_CLASS = YES_ERROR;
				CLANG_WARN_QUOTED_INCLUDE_IN_FRAMEWORK_HEADER = YES;
				CLANG_WARN_RANGE_LOOP_ANALYSIS = YES;
				CLANG_WARN_STRICT_PROTOTYPES = YES;
				CLANG_WARN_SUSPICIOUS_MOVE = YES;
				CLANG_WARN_UNGUARDED_AVAILABILITY = YES_AGGRESSIVE;
				CLANG_WARN_UNREACHABLE_CODE = YES;
				CLANG_WARN__DUPLICATE_METHOD_MATCH = YES;
				COPY_PHASE_STRIP = NO;
				DEBUG_INFORMATION_FORMAT = "dwarf-with-dsym";
				ENABLE_NS_ASSERTIONS = NO;
				ENABLE_STRICT_OBJC_MSGSEND = YES;
				GCC_C_LANGUAGE_STANDARD = gnu11;
				GCC_NO_COMMON_BLOCKS = YES;
				GCC_WARN_64_TO_32_BIT_CONVERSION = YES;
				GCC_WARN_ABOUT_RETURN_TYPE = YES_ERROR;
				GCC_WARN_UNDECLARED_SELECTOR = YES;
				GCC_WARN_UNINITIALIZED_AUTOS = YES_AGGRESSIVE;
				GCC_WARN_UNUSED_FUNCTION = YES;
				GCC_WARN_UNUSED_VARIABLE = YES;
				IPHONEOS_DEPLOYMENT_TARGET = 15.5;
				MTL_ENABLE_DEBUG_INFO = NO;
				MTL_FAST_MATH = YES;
				SDKROOT = iphoneos;
				SWIFT_COMPILATION_MODE = wholemodule;
				SWIFT_OPTIMIZATION_LEVEL = "-O";
				VALIDATE_PRODUCT = YES;
			};
			name = Release;
		};
		74FA96AB2880557C0065F7EB /* Debug */ = {
			isa = XCBuildConfiguration;
			buildSettings = {
				ASSETCATALOG_COMPILER_APPICON_NAME = AppIcon;
				ASSETCATALOG_COMPILER_GLOBAL_ACCENT_COLOR_NAME = AccentColor;
				CODE_SIGN_STYLE = Automatic;
				CURRENT_PROJECT_VERSION = 1;
				DEVELOPMENT_TEAM = LM9H2W5L8R;
				GENERATE_INFOPLIST_FILE = YES;
				INFOPLIST_FILE = "Wall Street news/Base/Info.plist";
				INFOPLIST_KEY_UIApplicationSupportsIndirectInputEvents = YES;
				INFOPLIST_KEY_UILaunchStoryboardName = LaunchScreen;
				INFOPLIST_KEY_UIMainStoryboardFile = Main;
				INFOPLIST_KEY_UISupportedInterfaceOrientations = UIInterfaceOrientationPortrait;
				INFOPLIST_KEY_UISupportedInterfaceOrientations_iPad = "UIInterfaceOrientationPortrait UIInterfaceOrientationPortraitUpsideDown UIInterfaceOrientationLandscapeLeft UIInterfaceOrientationLandscapeRight";
				INFOPLIST_KEY_UISupportedInterfaceOrientations_iPhone = "UIInterfaceOrientationPortrait UIInterfaceOrientationLandscapeLeft UIInterfaceOrientationLandscapeRight";
				LD_RUNPATH_SEARCH_PATHS = (
					"$(inherited)",
					"@executable_path/Frameworks",
				);
				MARKETING_VERSION = 1.0;
				PRODUCT_BUNDLE_IDENTIFIER = "yegor.Wall-Street-news";
				PRODUCT_NAME = "$(TARGET_NAME)";
				SWIFT_EMIT_LOC_STRINGS = YES;
				SWIFT_VERSION = 5.0;
				TARGETED_DEVICE_FAMILY = "1,2";
			};
			name = Debug;
		};
		74FA96AC2880557C0065F7EB /* Release */ = {
			isa = XCBuildConfiguration;
			buildSettings = {
				ASSETCATALOG_COMPILER_APPICON_NAME = AppIcon;
				ASSETCATALOG_COMPILER_GLOBAL_ACCENT_COLOR_NAME = AccentColor;
				CODE_SIGN_STYLE = Automatic;
				CURRENT_PROJECT_VERSION = 1;
				DEVELOPMENT_TEAM = LM9H2W5L8R;
				GENERATE_INFOPLIST_FILE = YES;
				INFOPLIST_FILE = "Wall Street news/Base/Info.plist";
				INFOPLIST_KEY_UIApplicationSupportsIndirectInputEvents = YES;
				INFOPLIST_KEY_UILaunchStoryboardName = LaunchScreen;
				INFOPLIST_KEY_UIMainStoryboardFile = Main;
				INFOPLIST_KEY_UISupportedInterfaceOrientations = UIInterfaceOrientationPortrait;
				INFOPLIST_KEY_UISupportedInterfaceOrientations_iPad = "UIInterfaceOrientationPortrait UIInterfaceOrientationPortraitUpsideDown UIInterfaceOrientationLandscapeLeft UIInterfaceOrientationLandscapeRight";
				INFOPLIST_KEY_UISupportedInterfaceOrientations_iPhone = "UIInterfaceOrientationPortrait UIInterfaceOrientationLandscapeLeft UIInterfaceOrientationLandscapeRight";
				LD_RUNPATH_SEARCH_PATHS = (
					"$(inherited)",
					"@executable_path/Frameworks",
				);
				MARKETING_VERSION = 1.0;
				PRODUCT_BUNDLE_IDENTIFIER = "yegor.Wall-Street-news";
				PRODUCT_NAME = "$(TARGET_NAME)";
				SWIFT_EMIT_LOC_STRINGS = YES;
				SWIFT_VERSION = 5.0;
				TARGETED_DEVICE_FAMILY = "1,2";
			};
			name = Release;
		};
/* End XCBuildConfiguration section */

/* Begin XCConfigurationList section */
		74FA9691288055770065F7EB /* Build configuration list for PBXProject "Wall Street news" */ = {
			isa = XCConfigurationList;
			buildConfigurations = (
				74FA96A82880557C0065F7EB /* Debug */,
				74FA96A92880557C0065F7EB /* Release */,
			);
			defaultConfigurationIsVisible = 0;
			defaultConfigurationName = Release;
		};
		74FA96AA2880557C0065F7EB /* Build configuration list for PBXNativeTarget "Wall Street news" */ = {
			isa = XCConfigurationList;
			buildConfigurations = (
				74FA96AB2880557C0065F7EB /* Debug */,
				74FA96AC2880557C0065F7EB /* Release */,
			);
			defaultConfigurationIsVisible = 0;
			defaultConfigurationName = Release;
		};
/* End XCConfigurationList section */

/* Begin XCVersionGroup section */
		74F2F4E92898397E00C0EE18 /* CoreDataModel.xcdatamodeld */ = {
			isa = XCVersionGroup;
			children = (
				74F2F4EA2898397E00C0EE18 /* CoreDataModel.xcdatamodel */,
			);
			currentVersion = 74F2F4EA2898397E00C0EE18 /* CoreDataModel.xcdatamodel */;
			path = CoreDataModel.xcdatamodeld;
			sourceTree = "<group>";
			versionGroupType = wrapper.xcdatamodel;
		};
/* End XCVersionGroup section */
	};
	rootObject = 74FA968E288055770065F7EB /* Project object */;
}
